
Microsoft Visual Studio Solution File, Format Version 12.00
# Visual Studio Version 17
VisualStudioVersion = 17.5.002.0
MinimumVisualStudioVersion = 10.0.40219.1
Project("{9A19103F-16F7-4668-BE54-9A1E7A4F7556}") = "PruebaC-sharp_MarianaPerezSerna", "PruebaC-sharp_MarianaPerezSerna.csproj", "{BF234634-A8E2-41BF-94D2-279AD4A1BFCB}"
EndProject
Global
	GlobalSection(SolutionConfigurationPlatforms) = preSolution
		Debug|Any CPU = Debug|Any CPU
		Release|Any CPU = Release|Any CPU
	EndGlobalSection
	GlobalSection(ProjectConfigurationPlatforms) = postSolution
		{BF234634-A8E2-41BF-94D2-279AD4A1BFCB}.Debug|Any CPU.ActiveCfg = Debug|Any CPU
		{BF234634-A8E2-41BF-94D2-279AD4A1BFCB}.Debug|Any CPU.Build.0 = Debug|Any CPU
		{BF234634-A8E2-41BF-94D2-279AD4A1BFCB}.Release|Any CPU.ActiveCfg = Release|Any CPU
		{BF234634-A8E2-41BF-94D2-279AD4A1BFCB}.Release|Any CPU.Build.0 = Release|Any CPU
	EndGlobalSection
	GlobalSection(SolutionProperties) = preSolution
		HideSolutionNode = FALSE
	EndGlobalSection
	GlobalSection(ExtensibilityGlobals) = postSolution
		SolutionGuid = {2121D2C2-B60E-4AE8-9BFF-3199FFFEB28E}
	EndGlobalSection
EndGlobal
